
Microsoft Visual Studio Solution File, Format Version 12.00
# Visual Studio Version 17
VisualStudioVersion = 17.2.32526.322
MinimumVisualStudioVersion = 10.0.40219.1
Project("{FAE04EC0-301F-11D3-BF4B-00C04F79EFBC}") = "Portfolio", "Portfolio\Portfolio.csproj", "{3E334F98-5D4C-4941-BB20-DBAFFC837E34}"
EndProject
Global
	GlobalSection(SolutionConfigurationPlatforms) = preSolution
		Debug|Any CPU = Debug|Any CPU
		Release|Any CPU = Release|Any CPU
	EndGlobalSection
	GlobalSection(ProjectConfigurationPlatforms) = postSolution
		{3E334F98-5D4C-4941-BB20-DBAFFC837E34}.Debug|Any CPU.ActiveCfg = Debug|Any CPU
		{3E334F98-5D4C-4941-BB20-DBAFFC837E34}.Debug|Any CPU.Build.0 = Debug|Any CPU
		{3E334F98-5D4C-4941-BB20-DBAFFC837E34}.Release|Any CPU.ActiveCfg = Release|Any CPU
		{3E334F98-5D4C-4941-BB20-DBAFFC837E34}.Release|Any CPU.Build.0 = Release|Any CPU
	EndGlobalSection
	GlobalSection(SolutionProperties) = preSolution
		HideSolutionNode = FALSE
	EndGlobalSection
	GlobalSection(ExtensibilityGlobals) = postSolution
		SolutionGuid = {CE641603-637B-423D-B0B4-808832BD0C44}
	EndGlobalSection
EndGlobal
